// !$*UTF8*$!
{
	archiveVersion = 1;
	classes = {
	};
	objectVersion = 56;
	objects = {

/* Begin PBXBuildFile section */
		EF3119252C29AE1600209AB5 /* FoucasuTests.swift in Sources */ = {isa = PBXBuildFile; fileRef = EF3119242C29AE1600209AB5 /* FoucasuTests.swift */; };
		EF3119332C29AEC500209AB5 /* Quick in Frameworks */ = {isa = PBXBuildFile; productRef = EF3119322C29AEC500209AB5 /* Quick */; };
		EF3119352C29AECD00209AB5 /* Nimble in Frameworks */ = {isa = PBXBuildFile; productRef = EF3119342C29AECD00209AB5 /* Nimble */; };
		EF3119372C29AF3E00209AB5 /* FocusViewModelSpec.swift in Sources */ = {isa = PBXBuildFile; fileRef = EF3119362C29AF3E00209AB5 /* FocusViewModelSpec.swift */; };
		EF3119392C2B9E1A00209AB5 /* FloatingButton.swift in Sources */ = {isa = PBXBuildFile; fileRef = EF3119382C2B9E1A00209AB5 /* FloatingButton.swift */; };
		EF31193B2C2B9E6400209AB5 /* ScaleEffectButtonStyle.swift in Sources */ = {isa = PBXBuildFile; fileRef = EF31193A2C2B9E6400209AB5 /* ScaleEffectButtonStyle.swift */; };
		EF31193D2C2BFA6100209AB5 /* TodoEditView.swift in Sources */ = {isa = PBXBuildFile; fileRef = EF31193C2C2BFA6000209AB5 /* TodoEditView.swift */; };
		EF3119402C2CC16600209AB5 /* TImeModel.swift in Sources */ = {isa = PBXBuildFile; fileRef = EF31193F2C2CC16600209AB5 /* TImeModel.swift */; };
		EF563BBA2C23B5280037834B /* FocusView.swift in Sources */ = {isa = PBXBuildFile; fileRef = EF563BB92C23B5280037834B /* FocusView.swift */; };
		EF563BBC2C23BC310037834B /* TodoListView.swift in Sources */ = {isa = PBXBuildFile; fileRef = EF563BBB2C23BC300037834B /* TodoListView.swift */; };
		EF563BC02C23BEE70037834B /* TabBarView.swift in Sources */ = {isa = PBXBuildFile; fileRef = EF563BBF2C23BEE70037834B /* TabBarView.swift */; };
		EF563BC62C23C35A0037834B /* Color+Extension.swift in Sources */ = {isa = PBXBuildFile; fileRef = EF563BC52C23C35A0037834B /* Color+Extension.swift */; };
		EF563BC82C23EB920037834B /* SafeArea+Extension.swift in Sources */ = {isa = PBXBuildFile; fileRef = EF563BC72C23EB920037834B /* SafeArea+Extension.swift */; };
		EF563BCA2C27C44A0037834B /* FocusViewModel.swift in Sources */ = {isa = PBXBuildFile; fileRef = EF563BC92C27C44A0037834B /* FocusViewModel.swift */; };
		EF563BCC2C27D4500037834B /* Extension.swift in Sources */ = {isa = PBXBuildFile; fileRef = EF563BCB2C27D4500037834B /* Extension.swift */; };
		EF563BCE2C27D4BD0037834B /* RoundedCorner.swift in Sources */ = {isa = PBXBuildFile; fileRef = EF563BCD2C27D4BD0037834B /* RoundedCorner.swift */; };
		EF7ABC3A2C1D6924008DA464 /* FoucasuApp.swift in Sources */ = {isa = PBXBuildFile; fileRef = EF7ABC392C1D6924008DA464 /* FoucasuApp.swift */; };
		EF7ABC3C2C1D6924008DA464 /* CustomTabBar.swift in Sources */ = {isa = PBXBuildFile; fileRef = EF7ABC3B2C1D6924008DA464 /* CustomTabBar.swift */; };
		EF7ABC3E2C1D6925008DA464 /* Assets.xcassets in Resources */ = {isa = PBXBuildFile; fileRef = EF7ABC3D2C1D6925008DA464 /* Assets.xcassets */; };
		EF7ABC412C1D6925008DA464 /* Preview Assets.xcassets in Resources */ = {isa = PBXBuildFile; fileRef = EF7ABC402C1D6925008DA464 /* Preview Assets.xcassets */; };
		EF7ABC482C1D6A96008DA464 /* Tabs.swift in Sources */ = {isa = PBXBuildFile; fileRef = EF7ABC472C1D6A96008DA464 /* Tabs.swift */; };
		EF7ABC4A2C1FBE29008DA464 /* TabBarData.swift in Sources */ = {isa = PBXBuildFile; fileRef = EF7ABC492C1FBE29008DA464 /* TabBarData.swift */; };
		EF7ABC4D2C1FC40E008DA464 /* NoAnimationButtonStyle.swift in Sources */ = {isa = PBXBuildFile; fileRef = EF7ABC4C2C1FC40E008DA464 /* NoAnimationButtonStyle.swift */; };
/* End PBXBuildFile section */

/* Begin PBXContainerItemProxy section */
		EF3119262C29AE1600209AB5 /* PBXContainerItemProxy */ = {
			isa = PBXContainerItemProxy;
			containerPortal = EF7ABC2E2C1D6924008DA464 /* Project object */;
			proxyType = 1;
			remoteGlobalIDString = EF7ABC352C1D6924008DA464;
			remoteInfo = Foucasu;
		};
/* End PBXContainerItemProxy section */

/* Begin PBXFileReference section */
		EF3119222C29AE1600209AB5 /* FoucasuTests.xctest */ = {isa = PBXFileReference; explicitFileType = wrapper.cfbundle; includeInIndex = 0; path = FoucasuTests.xctest; sourceTree = BUILT_PRODUCTS_DIR; };
		EF3119242C29AE1600209AB5 /* FoucasuTests.swift */ = {isa = PBXFileReference; lastKnownFileType = sourcecode.swift; path = FoucasuTests.swift; sourceTree = "<group>"; };
		EF3119362C29AF3E00209AB5 /* FocusViewModelSpec.swift */ = {isa = PBXFileReference; lastKnownFileType = sourcecode.swift; path = FocusViewModelSpec.swift; sourceTree = "<group>"; };
		EF3119382C2B9E1A00209AB5 /* FloatingButton.swift */ = {isa = PBXFileReference; lastKnownFileType = sourcecode.swift; path = FloatingButton.swift; sourceTree = "<group>"; };
		EF31193A2C2B9E6400209AB5 /* ScaleEffectButtonStyle.swift */ = {isa = PBXFileReference; lastKnownFileType = sourcecode.swift; path = ScaleEffectButtonStyle.swift; sourceTree = "<group>"; };
		EF31193C2C2BFA6000209AB5 /* TodoEditView.swift */ = {isa = PBXFileReference; lastKnownFileType = sourcecode.swift; path = TodoEditView.swift; sourceTree = "<group>"; };
		EF31193F2C2CC16600209AB5 /* TImeModel.swift */ = {isa = PBXFileReference; lastKnownFileType = sourcecode.swift; path = TImeModel.swift; sourceTree = "<group>"; };
		EF563BB92C23B5280037834B /* FocusView.swift */ = {isa = PBXFileReference; lastKnownFileType = sourcecode.swift; path = FocusView.swift; sourceTree = "<group>"; };
		EF563BBB2C23BC300037834B /* TodoListView.swift */ = {isa = PBXFileReference; lastKnownFileType = sourcecode.swift; path = TodoListView.swift; sourceTree = "<group>"; };
		EF563BBF2C23BEE70037834B /* TabBarView.swift */ = {isa = PBXFileReference; lastKnownFileType = sourcecode.swift; path = TabBarView.swift; sourceTree = "<group>"; };
		EF563BC52C23C35A0037834B /* Color+Extension.swift */ = {isa = PBXFileReference; lastKnownFileType = sourcecode.swift; path = "Color+Extension.swift"; sourceTree = "<group>"; };
		EF563BC72C23EB920037834B /* SafeArea+Extension.swift */ = {isa = PBXFileReference; lastKnownFileType = sourcecode.swift; path = "SafeArea+Extension.swift"; sourceTree = "<group>"; };
		EF563BC92C27C44A0037834B /* FocusViewModel.swift */ = {isa = PBXFileReference; lastKnownFileType = sourcecode.swift; path = FocusViewModel.swift; sourceTree = "<group>"; };
		EF563BCB2C27D4500037834B /* Extension.swift */ = {isa = PBXFileReference; lastKnownFileType = sourcecode.swift; path = Extension.swift; sourceTree = "<group>"; };
		EF563BCD2C27D4BD0037834B /* RoundedCorner.swift */ = {isa = PBXFileReference; lastKnownFileType = sourcecode.swift; path = RoundedCorner.swift; sourceTree = "<group>"; };
		EF7ABC362C1D6924008DA464 /* Foucasu.app */ = {isa = PBXFileReference; explicitFileType = wrapper.application; includeInIndex = 0; path = Foucasu.app; sourceTree = BUILT_PRODUCTS_DIR; };
		EF7ABC392C1D6924008DA464 /* FoucasuApp.swift */ = {isa = PBXFileReference; lastKnownFileType = sourcecode.swift; path = FoucasuApp.swift; sourceTree = "<group>"; };
		EF7ABC3B2C1D6924008DA464 /* CustomTabBar.swift */ = {isa = PBXFileReference; lastKnownFileType = sourcecode.swift; path = CustomTabBar.swift; sourceTree = "<group>"; };
		EF7ABC3D2C1D6925008DA464 /* Assets.xcassets */ = {isa = PBXFileReference; lastKnownFileType = folder.assetcatalog; path = Assets.xcassets; sourceTree = "<group>"; };
		EF7ABC402C1D6925008DA464 /* Preview Assets.xcassets */ = {isa = PBXFileReference; lastKnownFileType = folder.assetcatalog; path = "Preview Assets.xcassets"; sourceTree = "<group>"; };
		EF7ABC472C1D6A96008DA464 /* Tabs.swift */ = {isa = PBXFileReference; lastKnownFileType = sourcecode.swift; path = Tabs.swift; sourceTree = "<group>"; };
		EF7ABC492C1FBE29008DA464 /* TabBarData.swift */ = {isa = PBXFileReference; lastKnownFileType = sourcecode.swift; path = TabBarData.swift; sourceTree = "<group>"; };
		EF7ABC4C2C1FC40E008DA464 /* NoAnimationButtonStyle.swift */ = {isa = PBXFileReference; lastKnownFileType = sourcecode.swift; path = NoAnimationButtonStyle.swift; sourceTree = "<group>"; };
/* End PBXFileReference section */

/* Begin PBXFrameworksBuildPhase section */
		EF31191F2C29AE1600209AB5 /* Frameworks */ = {
			isa = PBXFrameworksBuildPhase;
			buildActionMask = 2147483647;
			files = (
				EF3119332C29AEC500209AB5 /* Quick in Frameworks */,
				EF3119352C29AECD00209AB5 /* Nimble in Frameworks */,
			);
			runOnlyForDeploymentPostprocessing = 0;
		};
		EF7ABC332C1D6924008DA464 /* Frameworks */ = {
			isa = PBXFrameworksBuildPhase;
			buildActionMask = 2147483647;
			files = (
			);
			runOnlyForDeploymentPostprocessing = 0;
		};
/* End PBXFrameworksBuildPhase section */

/* Begin PBXGroup section */
		EF3119232C29AE1600209AB5 /* FoucasuTests */ = {
			isa = PBXGroup;
			children = (
				EF3119242C29AE1600209AB5 /* FoucasuTests.swift */,
				EF3119362C29AF3E00209AB5 /* FocusViewModelSpec.swift */,
			);
			path = FoucasuTests;
			sourceTree = "<group>";
		};
		EF3119312C29AEC500209AB5 /* Frameworks */ = {
			isa = PBXGroup;
			children = (
			);
			name = Frameworks;
			sourceTree = "<group>";
		};
		EF31193E2C2CC13D00209AB5 /* FocusView */ = {
			isa = PBXGroup;
			children = (
				EF563BB92C23B5280037834B /* FocusView.swift */,
				EF563BC92C27C44A0037834B /* FocusViewModel.swift */,
				EF31193F2C2CC16600209AB5 /* TImeModel.swift */,
			);
			path = FocusView;
			sourceTree = "<group>";
		};
		EF563BB82C23B5100037834B /* CoreView */ = {
			isa = PBXGroup;
			children = (
				EF31193E2C2CC13D00209AB5 /* FocusView */,
				EF563BBF2C23BEE70037834B /* TabBarView.swift */,
				EF563BBB2C23BC300037834B /* TodoListView.swift */,
			);
			path = CoreView;
			sourceTree = "<group>";
		};
		EF563BC12C23C2030037834B /* Component */ = {
			isa = PBXGroup;
			children = (
				EF7ABC4E2C1FC48E008DA464 /* CustomTabBar */,
				EF563BCD2C27D4BD0037834B /* RoundedCorner.swift */,
				EF3119382C2B9E1A00209AB5 /* FloatingButton.swift */,
			);
			path = Component;
			sourceTree = "<group>";
		};
		EF563BC22C23C23E0037834B /* CustomStyle */ = {
			isa = PBXGroup;
			children = (
				EF7ABC4B2C1FC3DB008DA464 /* ButtonStyle */,
			);
			path = CustomStyle;
			sourceTree = "<group>";
		};
		EF563BC32C23C2670037834B /* Extension */ = {
			isa = PBXGroup;
			children = (
				EF563BC52C23C35A0037834B /* Color+Extension.swift */,
				EF563BC72C23EB920037834B /* SafeArea+Extension.swift */,
				EF563BCB2C27D4500037834B /* Extension.swift */,
			);
			path = Extension;
			sourceTree = "<group>";
		};
		EF563BC42C23C2920037834B /* Others */ = {
			isa = PBXGroup;
			children = (
				EF7ABC3D2C1D6925008DA464 /* Assets.xcassets */,
			);
			path = Others;
			sourceTree = "<group>";
		};
		EF7ABC2D2C1D6924008DA464 = {
			isa = PBXGroup;
			children = (
				EF7ABC382C1D6924008DA464 /* Foucasu */,
				EF3119232C29AE1600209AB5 /* FoucasuTests */,
				EF7ABC372C1D6924008DA464 /* Products */,
				EF3119312C29AEC500209AB5 /* Frameworks */,
			);
			sourceTree = "<group>";
		};
		EF7ABC372C1D6924008DA464 /* Products */ = {
			isa = PBXGroup;
			children = (
				EF7ABC362C1D6924008DA464 /* Foucasu.app */,
				EF3119222C29AE1600209AB5 /* FoucasuTests.xctest */,
			);
			name = Products;
			sourceTree = "<group>";
		};
		EF7ABC382C1D6924008DA464 /* Foucasu */ = {
			isa = PBXGroup;
			children = (
				EF7ABC392C1D6924008DA464 /* FoucasuApp.swift */,
				EF563BB82C23B5100037834B /* CoreView */,
				EF563BC12C23C2030037834B /* Component */,
				EF563BC22C23C23E0037834B /* CustomStyle */,
				EF563BC32C23C2670037834B /* Extension */,
				EF563BC42C23C2920037834B /* Others */,
				EF7ABC3F2C1D6925008DA464 /* Preview Content */,
			);
			path = Foucasu;
			sourceTree = "<group>";
		};
		EF7ABC3F2C1D6925008DA464 /* Preview Content */ = {
			isa = PBXGroup;
			children = (
				EF7ABC402C1D6925008DA464 /* Preview Assets.xcassets */,
			);
			path = "Preview Content";
			sourceTree = "<group>";
		};
		EF7ABC4B2C1FC3DB008DA464 /* ButtonStyle */ = {
			isa = PBXGroup;
			children = (
				EF7ABC4C2C1FC40E008DA464 /* NoAnimationButtonStyle.swift */,
				EF31193A2C2B9E6400209AB5 /* ScaleEffectButtonStyle.swift */,
			);
			path = ButtonStyle;
			sourceTree = "<group>";
		};
		EF7ABC4E2C1FC48E008DA464 /* CustomTabBar */ = {
			isa = PBXGroup;
			children = (
				EF7ABC3B2C1D6924008DA464 /* CustomTabBar.swift */,
				EF7ABC472C1D6A96008DA464 /* Tabs.swift */,
				EF7ABC492C1FBE29008DA464 /* TabBarData.swift */,
				EF31193C2C2BFA6000209AB5 /* TodoEditView.swift */,
			);
			path = CustomTabBar;
			sourceTree = "<group>";
		};
/* End PBXGroup section */

/* Begin PBXNativeTarget section */
		EF3119212C29AE1600209AB5 /* FoucasuTests */ = {
			isa = PBXNativeTarget;
			buildConfigurationList = EF31192A2C29AE1600209AB5 /* Build configuration list for PBXNativeTarget "FoucasuTests" */;
			buildPhases = (
				EF31191E2C29AE1600209AB5 /* Sources */,
				EF31191F2C29AE1600209AB5 /* Frameworks */,
				EF3119202C29AE1600209AB5 /* Resources */,
			);
			buildRules = (
			);
			dependencies = (
				EF3119272C29AE1600209AB5 /* PBXTargetDependency */,
			);
			name = FoucasuTests;
			packageProductDependencies = (
				EF3119322C29AEC500209AB5 /* Quick */,
				EF3119342C29AECD00209AB5 /* Nimble */,
			);
			productName = FoucasuTests;
			productReference = EF3119222C29AE1600209AB5 /* FoucasuTests.xctest */;
			productType = "com.apple.product-type.bundle.unit-test";
		};
		EF7ABC352C1D6924008DA464 /* Foucasu */ = {
			isa = PBXNativeTarget;
			buildConfigurationList = EF7ABC442C1D6925008DA464 /* Build configuration list for PBXNativeTarget "Foucasu" */;
			buildPhases = (
				EF7ABC322C1D6924008DA464 /* Sources */,
				EF7ABC332C1D6924008DA464 /* Frameworks */,
				EF7ABC342C1D6924008DA464 /* Resources */,
			);
			buildRules = (
			);
			dependencies = (
			);
			name = Foucasu;
			packageProductDependencies = (
			);
			productName = CustomTab;
			productReference = EF7ABC362C1D6924008DA464 /* Foucasu.app */;
			productType = "com.apple.product-type.application";
		};
/* End PBXNativeTarget section */

/* Begin PBXProject section */
		EF7ABC2E2C1D6924008DA464 /* Project object */ = {
			isa = PBXProject;
			attributes = {
				BuildIndependentTargetsInParallel = 1;
				LastSwiftUpdateCheck = 1500;
				LastUpgradeCheck = 1500;
				TargetAttributes = {
					EF3119212C29AE1600209AB5 = {
						CreatedOnToolsVersion = 15.0.1;
						TestTargetID = EF7ABC352C1D6924008DA464;
					};
					EF7ABC352C1D6924008DA464 = {
						CreatedOnToolsVersion = 15.0.1;
					};
				};
			};
			buildConfigurationList = EF7ABC312C1D6924008DA464 /* Build configuration list for PBXProject "Foucasu" */;
			compatibilityVersion = "Xcode 14.0";
			developmentRegion = en;
			hasScannedForEncodings = 0;
			knownRegions = (
				en,
				Base,
			);
			mainGroup = EF7ABC2D2C1D6924008DA464;
			packageReferences = (
				EF31192B2C29AE7000209AB5 /* XCRemoteSwiftPackageReference "Quick" */,
				EF31192E2C29AE8400209AB5 /* XCRemoteSwiftPackageReference "Nimble" */,
			);
			productRefGroup = EF7ABC372C1D6924008DA464 /* Products */;
			projectDirPath = "";
			projectRoot = "";
			targets = (
				EF7ABC352C1D6924008DA464 /* Foucasu */,
				EF3119212C29AE1600209AB5 /* FoucasuTests */,
			);
		};
/* End PBXProject section */

/* Begin PBXResourcesBuildPhase section */
		EF3119202C29AE1600209AB5 /* Resources */ = {
			isa = PBXResourcesBuildPhase;
			buildActionMask = 2147483647;
			files = (
			);
			runOnlyForDeploymentPostprocessing = 0;
		};
		EF7ABC342C1D6924008DA464 /* Resources */ = {
			isa = PBXResourcesBuildPhase;
			buildActionMask = 2147483647;
			files = (
				EF7ABC412C1D6925008DA464 /* Preview Assets.xcassets in Resources */,
				EF7ABC3E2C1D6925008DA464 /* Assets.xcassets in Resources */,
			);
			runOnlyForDeploymentPostprocessing = 0;
		};
/* End PBXResourcesBuildPhase section */

/* Begin PBXSourcesBuildPhase section */
		EF31191E2C29AE1600209AB5 /* Sources */ = {
			isa = PBXSourcesBuildPhase;
			buildActionMask = 2147483647;
			files = (
				EF3119372C29AF3E00209AB5 /* FocusViewModelSpec.swift in Sources */,
				EF3119252C29AE1600209AB5 /* FoucasuTests.swift in Sources */,
			);
			runOnlyForDeploymentPostprocessing = 0;
		};
		EF7ABC322C1D6924008DA464 /* Sources */ = {
			isa = PBXSourcesBuildPhase;
			buildActionMask = 2147483647;
			files = (
				EF7ABC3C2C1D6924008DA464 /* CustomTabBar.swift in Sources */,
				EF563BC62C23C35A0037834B /* Color+Extension.swift in Sources */,
				EF563BC02C23BEE70037834B /* TabBarView.swift in Sources */,
				EF563BCC2C27D4500037834B /* Extension.swift in Sources */,
				EF31193D2C2BFA6100209AB5 /* TodoEditView.swift in Sources */,
				EF563BCE2C27D4BD0037834B /* RoundedCorner.swift in Sources */,
				EF563BC82C23EB920037834B /* SafeArea+Extension.swift in Sources */,
				EF7ABC3A2C1D6924008DA464 /* FoucasuApp.swift in Sources */,
				EF31193B2C2B9E6400209AB5 /* ScaleEffectButtonStyle.swift in Sources */,
				EF3119402C2CC16600209AB5 /* TImeModel.swift in Sources */,
				EF563BCA2C27C44A0037834B /* FocusViewModel.swift in Sources */,
				EF7ABC4D2C1FC40E008DA464 /* NoAnimationButtonStyle.swift in Sources */,
				EF3119392C2B9E1A00209AB5 /* FloatingButton.swift in Sources */,
				EF563BBA2C23B5280037834B /* FocusView.swift in Sources */,
				EF7ABC482C1D6A96008DA464 /* Tabs.swift in Sources */,
				EF563BBC2C23BC310037834B /* TodoListView.swift in Sources */,
				EF7ABC4A2C1FBE29008DA464 /* TabBarData.swift in Sources */,
			);
			runOnlyForDeploymentPostprocessing = 0;
		};
/* End PBXSourcesBuildPhase section */

/* Begin PBXTargetDependency section */
		EF3119272C29AE1600209AB5 /* PBXTargetDependency */ = {
			isa = PBXTargetDependency;
			target = EF7ABC352C1D6924008DA464 /* Foucasu */;
			targetProxy = EF3119262C29AE1600209AB5 /* PBXContainerItemProxy */;
		};
/* End PBXTargetDependency section */

/* Begin XCBuildConfiguration section */
		EF3119282C29AE1600209AB5 /* Debug */ = {
			isa = XCBuildConfiguration;
			buildSettings = {
				BUNDLE_LOADER = "$(TEST_HOST)";
				CODE_SIGN_STYLE = Automatic;
				CURRENT_PROJECT_VERSION = 1;
				DEVELOPMENT_TEAM = 2X5XPADK8C;
				GENERATE_INFOPLIST_FILE = YES;
				MARKETING_VERSION = 1.0;
				PRODUCT_BUNDLE_IDENTIFIER = com.chu.FoucasuTests;
				PRODUCT_NAME = "$(TARGET_NAME)";
				SWIFT_EMIT_LOC_STRINGS = NO;
				SWIFT_VERSION = 5.0;
				TARGETED_DEVICE_FAMILY = "1,2";
				TEST_HOST = "$(BUILT_PRODUCTS_DIR)/Foucasu.app/$(BUNDLE_EXECUTABLE_FOLDER_PATH)/Foucasu";
			};
			name = Debug;
		};
		EF3119292C29AE1600209AB5 /* Release */ = {
			isa = XCBuildConfiguration;
			buildSettings = {
				BUNDLE_LOADER = "$(TEST_HOST)";
				CODE_SIGN_STYLE = Automatic;
				CURRENT_PROJECT_VERSION = 1;
				DEVELOPMENT_TEAM = 2X5XPADK8C;
				GENERATE_INFOPLIST_FILE = YES;
				MARKETING_VERSION = 1.0;
				PRODUCT_BUNDLE_IDENTIFIER = com.chu.FoucasuTests;
				PRODUCT_NAME = "$(TARGET_NAME)";
				SWIFT_EMIT_LOC_STRINGS = NO;
				SWIFT_VERSION = 5.0;
				TARGETED_DEVICE_FAMILY = "1,2";
				TEST_HOST = "$(BUILT_PRODUCTS_DIR)/Foucasu.app/$(BUNDLE_EXECUTABLE_FOLDER_PATH)/Foucasu";
			};
			name = Release;
		};
		EF7ABC422C1D6925008DA464 /* Debug */ = {
			isa = XCBuildConfiguration;
			buildSettings = {
				ALWAYS_SEARCH_USER_PATHS = NO;
				ASSETCATALOG_COMPILER_GENERATE_SWIFT_ASSET_SYMBOL_EXTENSIONS = YES;
				CLANG_ANALYZER_NONNULL = YES;
				CLANG_ANALYZER_NUMBER_OBJECT_CONVERSION = YES_AGGRESSIVE;
				CLANG_CXX_LANGUAGE_STANDARD = "gnu++20";
				CLANG_ENABLE_MODULES = YES;
				CLANG_ENABLE_OBJC_ARC = YES;
				CLANG_ENABLE_OBJC_WEAK = YES;
				CLANG_WARN_BLOCK_CAPTURE_AUTORELEASING = YES;
				CLANG_WARN_BOOL_CONVERSION = YES;
				CLANG_WARN_COMMA = YES;
				CLANG_WARN_CONSTANT_CONVERSION = YES;
				CLANG_WARN_DEPRECATED_OBJC_IMPLEMENTATIONS = YES;
				CLANG_WARN_DIRECT_OBJC_ISA_USAGE = YES_ERROR;
				CLANG_WARN_DOCUMENTATION_COMMENTS = YES;
				CLANG_WARN_EMPTY_BODY = YES;
				CLANG_WARN_ENUM_CONVERSION = YES;
				CLANG_WARN_INFINITE_RECURSION = YES;
				CLANG_WARN_INT_CONVERSION = YES;
				CLANG_WARN_NON_LITERAL_NULL_CONVERSION = YES;
				CLANG_WARN_OBJC_IMPLICIT_RETAIN_SELF = YES;
				CLANG_WARN_OBJC_LITERAL_CONVERSION = YES;
				CLANG_WARN_OBJC_ROOT_CLASS = YES_ERROR;
				CLANG_WARN_QUOTED_INCLUDE_IN_FRAMEWORK_HEADER = YES;
				CLANG_WARN_RANGE_LOOP_ANALYSIS = YES;
				CLANG_WARN_STRICT_PROTOTYPES = YES;
				CLANG_WARN_SUSPICIOUS_MOVE = YES;
				CLANG_WARN_UNGUARDED_AVAILABILITY = YES_AGGRESSIVE;
				CLANG_WARN_UNREACHABLE_CODE = YES;
				CLANG_WARN__DUPLICATE_METHOD_MATCH = YES;
				COPY_PHASE_STRIP = NO;
				DEBUG_INFORMATION_FORMAT = dwarf;
				ENABLE_STRICT_OBJC_MSGSEND = YES;
				ENABLE_TESTABILITY = YES;
				ENABLE_USER_SCRIPT_SANDBOXING = YES;
				GCC_C_LANGUAGE_STANDARD = gnu17;
				GCC_DYNAMIC_NO_PIC = NO;
				GCC_NO_COMMON_BLOCKS = YES;
				GCC_OPTIMIZATION_LEVEL = 0;
				GCC_PREPROCESSOR_DEFINITIONS = (
					"DEBUG=1",
					"$(inherited)",
				);
				GCC_WARN_64_TO_32_BIT_CONVERSION = YES;
				GCC_WARN_ABOUT_RETURN_TYPE = YES_ERROR;
				GCC_WARN_UNDECLARED_SELECTOR = YES;
				GCC_WARN_UNINITIALIZED_AUTOS = YES_AGGRESSIVE;
				GCC_WARN_UNUSED_FUNCTION = YES;
				GCC_WARN_UNUSED_VARIABLE = YES;
				IPHONEOS_DEPLOYMENT_TARGET = 17.0;
				LOCALIZATION_PREFERS_STRING_CATALOGS = YES;
				MTL_ENABLE_DEBUG_INFO = INCLUDE_SOURCE;
				MTL_FAST_MATH = YES;
				ONLY_ACTIVE_ARCH = YES;
				SDKROOT = iphoneos;
				SWIFT_ACTIVE_COMPILATION_CONDITIONS = "DEBUG $(inherited)";
				SWIFT_OPTIMIZATION_LEVEL = "-Onone";
			};
			name = Debug;
		};
		EF7ABC432C1D6925008DA464 /* Release */ = {
			isa = XCBuildConfiguration;
			buildSettings = {
				ALWAYS_SEARCH_USER_PATHS = NO;
				ASSETCATALOG_COMPILER_GENERATE_SWIFT_ASSET_SYMBOL_EXTENSIONS = YES;
				CLANG_ANALYZER_NONNULL = YES;
				CLANG_ANALYZER_NUMBER_OBJECT_CONVERSION = YES_AGGRESSIVE;
				CLANG_CXX_LANGUAGE_STANDARD = "gnu++20";
				CLANG_ENABLE_MODULES = YES;
				CLANG_ENABLE_OBJC_ARC = YES;
				CLANG_ENABLE_OBJC_WEAK = YES;
				CLANG_WARN_BLOCK_CAPTURE_AUTORELEASING = YES;
				CLANG_WARN_BOOL_CONVERSION = YES;
				CLANG_WARN_COMMA = YES;
				CLANG_WARN_CONSTANT_CONVERSION = YES;
				CLANG_WARN_DEPRECATED_OBJC_IMPLEMENTATIONS = YES;
				CLANG_WARN_DIRECT_OBJC_ISA_USAGE = YES_ERROR;
				CLANG_WARN_DOCUMENTATION_COMMENTS = YES;
				CLANG_WARN_EMPTY_BODY = YES;
				CLANG_WARN_ENUM_CONVERSION = YES;
				CLANG_WARN_INFINITE_RECURSION = YES;
				CLANG_WARN_INT_CONVERSION = YES;
				CLANG_WARN_NON_LITERAL_NULL_CONVERSION = YES;
				CLANG_WARN_OBJC_IMPLICIT_RETAIN_SELF = YES;
				CLANG_WARN_OBJC_LITERAL_CONVERSION = YES;
				CLANG_WARN_OBJC_ROOT_CLASS = YES_ERROR;
				CLANG_WARN_QUOTED_INCLUDE_IN_FRAMEWORK_HEADER = YES;
				CLANG_WARN_RANGE_LOOP_ANALYSIS = YES;
				CLANG_WARN_STRICT_PROTOTYPES = YES;
				CLANG_WARN_SUSPICIOUS_MOVE = YES;
				CLANG_WARN_UNGUARDED_AVAILABILITY = YES_AGGRESSIVE;
				CLANG_WARN_UNREACHABLE_CODE = YES;
				CLANG_WARN__DUPLICATE_METHOD_MATCH = YES;
				COPY_PHASE_STRIP = NO;
				DEBUG_INFORMATION_FORMAT = "dwarf-with-dsym";
				ENABLE_NS_ASSERTIONS = NO;
				ENABLE_STRICT_OBJC_MSGSEND = YES;
				ENABLE_USER_SCRIPT_SANDBOXING = YES;
				GCC_C_LANGUAGE_STANDARD = gnu17;
				GCC_NO_COMMON_BLOCKS = YES;
				GCC_WARN_64_TO_32_BIT_CONVERSION = YES;
				GCC_WARN_ABOUT_RETURN_TYPE = YES_ERROR;
				GCC_WARN_UNDECLARED_SELECTOR = YES;
				GCC_WARN_UNINITIALIZED_AUTOS = YES_AGGRESSIVE;
				GCC_WARN_UNUSED_FUNCTION = YES;
				GCC_WARN_UNUSED_VARIABLE = YES;
				IPHONEOS_DEPLOYMENT_TARGET = 17.0;
				LOCALIZATION_PREFERS_STRING_CATALOGS = YES;
				MTL_ENABLE_DEBUG_INFO = NO;
				MTL_FAST_MATH = YES;
				SDKROOT = iphoneos;
				SWIFT_COMPILATION_MODE = wholemodule;
				VALIDATE_PRODUCT = YES;
			};
			name = Release;
		};
		EF7ABC452C1D6925008DA464 /* Debug */ = {
			isa = XCBuildConfiguration;
			buildSettings = {
				ASSETCATALOG_COMPILER_APPICON_NAME = AppIcon;
				ASSETCATALOG_COMPILER_GLOBAL_ACCENT_COLOR_NAME = AccentColor;
				CODE_SIGN_STYLE = Automatic;
				CURRENT_PROJECT_VERSION = 1;
				DEVELOPMENT_ASSET_PATHS = "\"Foucasu/Preview Content\"";
				DEVELOPMENT_TEAM = 2X5XPADK8C;
				ENABLE_PREVIEWS = YES;
				GENERATE_INFOPLIST_FILE = YES;
				INFOPLIST_KEY_UIApplicationSceneManifest_Generation = YES;
				INFOPLIST_KEY_UIApplicationSupportsIndirectInputEvents = YES;
				INFOPLIST_KEY_UILaunchScreen_Generation = YES;
				INFOPLIST_KEY_UISupportedInterfaceOrientations_iPad = "UIInterfaceOrientationPortrait UIInterfaceOrientationPortraitUpsideDown UIInterfaceOrientationLandscapeLeft UIInterfaceOrientationLandscapeRight";
				INFOPLIST_KEY_UISupportedInterfaceOrientations_iPhone = "UIInterfaceOrientationPortrait UIInterfaceOrientationLandscapeLeft UIInterfaceOrientationLandscapeRight";
				LD_RUNPATH_SEARCH_PATHS = (
					"$(inherited)",
					"@executable_path/Frameworks",
				);
				MARKETING_VERSION = 1.0;
				PRODUCT_BUNDLE_IDENTIFIER = com.chu.Foucasu;
				PRODUCT_NAME = "$(TARGET_NAME)";
				SWIFT_EMIT_LOC_STRINGS = YES;
				SWIFT_VERSION = 5.0;
				TARGETED_DEVICE_FAMILY = "1,2";
			};
			name = Debug;
		};
		EF7ABC462C1D6925008DA464 /* Release */ = {
			isa = XCBuildConfiguration;
			buildSettings = {
				ASSETCATALOG_COMPILER_APPICON_NAME = AppIcon;
				ASSETCATALOG_COMPILER_GLOBAL_ACCENT_COLOR_NAME = AccentColor;
				CODE_SIGN_STYLE = Automatic;
				CURRENT_PROJECT_VERSION = 1;
				DEVELOPMENT_ASSET_PATHS = "\"Foucasu/Preview Content\"";
				DEVELOPMENT_TEAM = 2X5XPADK8C;
				ENABLE_PREVIEWS = YES;
				GENERATE_INFOPLIST_FILE = YES;
				INFOPLIST_KEY_UIApplicationSceneManifest_Generation = YES;
				INFOPLIST_KEY_UIApplicationSupportsIndirectInputEvents = YES;
				INFOPLIST_KEY_UILaunchScreen_Generation = YES;
				INFOPLIST_KEY_UISupportedInterfaceOrientations_iPad = "UIInterfaceOrientationPortrait UIInterfaceOrientationPortraitUpsideDown UIInterfaceOrientationLandscapeLeft UIInterfaceOrientationLandscapeRight";
				INFOPLIST_KEY_UISupportedInterfaceOrientations_iPhone = "UIInterfaceOrientationPortrait UIInterfaceOrientationLandscapeLeft UIInterfaceOrientationLandscapeRight";
				LD_RUNPATH_SEARCH_PATHS = (
					"$(inherited)",
					"@executable_path/Frameworks",
				);
				MARKETING_VERSION = 1.0;
				PRODUCT_BUNDLE_IDENTIFIER = com.chu.Foucasu;
				PRODUCT_NAME = "$(TARGET_NAME)";
				SWIFT_EMIT_LOC_STRINGS = YES;
				SWIFT_VERSION = 5.0;
				TARGETED_DEVICE_FAMILY = "1,2";
			};
			name = Release;
		};
/* End XCBuildConfiguration section */

/* Begin XCConfigurationList section */
		EF31192A2C29AE1600209AB5 /* Build configuration list for PBXNativeTarget "FoucasuTests" */ = {
			isa = XCConfigurationList;
			buildConfigurations = (
				EF3119282C29AE1600209AB5 /* Debug */,
				EF3119292C29AE1600209AB5 /* Release */,
			);
			defaultConfigurationIsVisible = 0;
			defaultConfigurationName = Release;
		};
		EF7ABC312C1D6924008DA464 /* Build configuration list for PBXProject "Foucasu" */ = {
			isa = XCConfigurationList;
			buildConfigurations = (
				EF7ABC422C1D6925008DA464 /* Debug */,
				EF7ABC432C1D6925008DA464 /* Release */,
			);
			defaultConfigurationIsVisible = 0;
			defaultConfigurationName = Release;
		};
		EF7ABC442C1D6925008DA464 /* Build configuration list for PBXNativeTarget "Foucasu" */ = {
			isa = XCConfigurationList;
			buildConfigurations = (
				EF7ABC452C1D6925008DA464 /* Debug */,
				EF7ABC462C1D6925008DA464 /* Release */,
			);
			defaultConfigurationIsVisible = 0;
			defaultConfigurationName = Release;
		};
/* End XCConfigurationList section */

/* Begin XCRemoteSwiftPackageReference section */
		EF31192B2C29AE7000209AB5 /* XCRemoteSwiftPackageReference "Quick" */ = {
			isa = XCRemoteSwiftPackageReference;
			repositoryURL = "https://github.com/Quick/Quick";
			requirement = {
				kind = exactVersion;
				version = 7.1.0;
			};
		};
		EF31192E2C29AE8400209AB5 /* XCRemoteSwiftPackageReference "Nimble" */ = {
			isa = XCRemoteSwiftPackageReference;
			repositoryURL = "https://github.com/Quick/Nimble";
			requirement = {
				kind = exactVersion;
				version = 13.3.0;
			};
		};
/* End XCRemoteSwiftPackageReference section */

/* Begin XCSwiftPackageProductDependency section */
		EF3119322C29AEC500209AB5 /* Quick */ = {
			isa = XCSwiftPackageProductDependency;
			package = EF31192B2C29AE7000209AB5 /* XCRemoteSwiftPackageReference "Quick" */;
			productName = Quick;
		};
		EF3119342C29AECD00209AB5 /* Nimble */ = {
			isa = XCSwiftPackageProductDependency;
			package = EF31192E2C29AE8400209AB5 /* XCRemoteSwiftPackageReference "Nimble" */;
			productName = Nimble;
		};
/* End XCSwiftPackageProductDependency section */
	};
	rootObject = EF7ABC2E2C1D6924008DA464 /* Project object */;
}
